# THIS IS AN AUTOGENERATED FILE. DO NOT EDIT THIS FILE DIRECTLY.
# yarn lockfile v1


"@mdn/browser-compat-data@5.5.14":
  version "5.5.14"
  resolved "https://registry.yarnpkg.com/@mdn/browser-compat-data/-/browser-compat-data-5.5.14.tgz#31d8174c2d153288e97d67cc7c5484ffc49147c0"
  integrity sha512-K7e35i4XtNWpiOr+aPiy3UccAhFop0HsfVz9RSzlcgaaHb2aD/nN0J3uPPLedyTokMiebxN0gxkL/WXpzNQuKg==

caniuse-db@1.0.30001594:
  version "1.0.30001594"
  resolved "https://registry.yarnpkg.com/caniuse-db/-/caniuse-db-1.0.30001594.tgz#c87e5956d30b56c270db52f910bb0d12da7a5395"
  integrity sha512-XARJYymQ8g91GQCGIIBTlQ/8xdtizKKcMtTXbjW8qLfzpimqKUN+CdM2nOVB2q5YyF5GY8L5gthplgJTZa/2gw==
