# THIS IS AN AUTOGENERATED FILE. DO NOT EDIT THIS FILE DIRECTLY.
# yarn lockfile v1


"@mdn/browser-compat-data@5.2.35":
  version "5.2.35"
  resolved "https://registry.yarnpkg.com/@mdn/browser-compat-data/-/browser-compat-data-5.2.35.tgz#fff993a89e960e4237d2aada18e30336002974b3"
  integrity sha512-WMGl70X/upKye9Ix0xQtaKzNsFJE6I4ZEexypk1gyiB5REQZv9BI3Stw8Tby25YSGJ7OuYG0+5oCnkv1A+3kRA==

caniuse-db@1.0.30001453:
  version "1.0.30001453"
  resolved "https://registry.yarnpkg.com/caniuse-db/-/caniuse-db-1.0.30001453.tgz#26ea1d1f9a7f43901677012e1615dd0408bbe1c6"
  integrity sha512-zxoxB5NXzXFn+G78MBqrMvz5WEfF52TiWrGpY76E9g7fiDSmwq7Wcjfr7fAyiaWBuwUap9lQPBbEGn7s9+MjoA==
