# THIS IS AN AUTOGENERATED FILE. DO NOT EDIT THIS FILE DIRECTLY.
# yarn lockfile v1


"@mdn/browser-compat-data@latest":
  version "4.0.11"
  resolved "https://registry.yarnpkg.com/@mdn/browser-compat-data/-/browser-compat-data-4.0.11.tgz#c49a72db566e9d4651f43398da276289811c868f"
  integrity sha512-rmQPBLe3/DuJy0Bcr1KNuSiIcgV67R2AeLxagKMQTI0R8F9lLC894wJRYhA5ytV0CIi7dzxILqdFeuVbqrkoCA==

caniuse-db@latest:
  version "1.0.30001282"
  resolved "https://registry.yarnpkg.com/caniuse-db/-/caniuse-db-1.0.30001282.tgz#a6085d27dcdc7a99b0d280c2dcb22e6fb8fd73aa"
  integrity sha512-czsWYzaRcSfPVTWzxwl6xo6JdVPTTShJoWjAO7ZYArI3oKFe7COLk3G9k/WVysOCEs5Jiu66Ly+8nRLlj85vdw==
